
Microsoft Visual Studio Solution File, Format Version 12.00
# Visual Studio Version 16
VisualStudioVersion = 16.0.31313.79
MinimumVisualStudioVersion = 10.0.40219.1
Project("{FAE04EC0-301F-11D3-BF4B-00C04F79EFBC}") = "WebStoreServer", "WebStoreServer\WebStoreServer.csproj", "{9F10D487-AEA2-46CC-AE2F-501AB03CA910}"
EndProject
Project("{FAE04EC0-301F-11D3-BF4B-00C04F79EFBC}") = "WebStoreClient", "WebStoreClient\WebStoreClient.csproj", "{475582CD-CAD3-4F18-9797-33F4F6D00EB7}"
EndProject
Global
	GlobalSection(SolutionConfigurationPlatforms) = preSolution
		Debug|Any CPU = Debug|Any CPU
		Release|Any CPU = Release|Any CPU
	EndGlobalSection
	GlobalSection(ProjectConfigurationPlatforms) = postSolution
		{9F10D487-AEA2-46CC-AE2F-501AB03CA910}.Debug|Any CPU.ActiveCfg = Debug|Any CPU
		{9F10D487-AEA2-46CC-AE2F-501AB03CA910}.Debug|Any CPU.Build.0 = Debug|Any CPU
		{9F10D487-AEA2-46CC-AE2F-501AB03CA910}.Release|Any CPU.ActiveCfg = Release|Any CPU
		{9F10D487-AEA2-46CC-AE2F-501AB03CA910}.Release|Any CPU.Build.0 = Release|Any CPU
		{475582CD-CAD3-4F18-9797-33F4F6D00EB7}.Debug|Any CPU.ActiveCfg = Debug|Any CPU
		{475582CD-CAD3-4F18-9797-33F4F6D00EB7}.Debug|Any CPU.Build.0 = Debug|Any CPU
		{475582CD-CAD3-4F18-9797-33F4F6D00EB7}.Release|Any CPU.ActiveCfg = Release|Any CPU
		{475582CD-CAD3-4F18-9797-33F4F6D00EB7}.Release|Any CPU.Build.0 = Release|Any CPU
	EndGlobalSection
	GlobalSection(SolutionProperties) = preSolution
		HideSolutionNode = FALSE
	EndGlobalSection
	GlobalSection(ExtensibilityGlobals) = postSolution
		SolutionGuid = {23C54EB3-159D-4820-8AC2-9757D1AEC3B7}
	EndGlobalSection
EndGlobal
